
Microsoft Visual Studio Solution File, Format Version 12.00
# Visual Studio Version 16
VisualStudioVersion = 16.0.29920.165
MinimumVisualStudioVersion = 10.0.40219.1
Project("{9A19103F-16F7-4668-BE54-9A1E7A4F7556}") = "TutoFinder", "TutoFinder.csproj", "{A6F46C2B-65AC-417F-B47F-A17F7EC90EDD}"
EndProject
Project("{9A19103F-16F7-4668-BE54-9A1E7A4F7556}") = "Testing", "..\..\testings\testing-informe\Testing.csproj", "{9763DFCA-EE95-4BAD-9A01-350E5A8AE9E5}"
EndProject
Project("{9A19103F-16F7-4668-BE54-9A1E7A4F7556}") = "testing-membresia", "..\..\testings\testing-membresia\testing-membresia.csproj", "{030EF708-EAA5-479F-BED6-9ADF80F8A59D}"
EndProject
Global
	GlobalSection(SolutionConfigurationPlatforms) = preSolution
		Debug|Any CPU = Debug|Any CPU
		Release|Any CPU = Release|Any CPU
	EndGlobalSection
	GlobalSection(ProjectConfigurationPlatforms) = postSolution
		{A6F46C2B-65AC-417F-B47F-A17F7EC90EDD}.Debug|Any CPU.ActiveCfg = Debug|Any CPU
		{A6F46C2B-65AC-417F-B47F-A17F7EC90EDD}.Debug|Any CPU.Build.0 = Debug|Any CPU
		{A6F46C2B-65AC-417F-B47F-A17F7EC90EDD}.Release|Any CPU.ActiveCfg = Release|Any CPU
		{A6F46C2B-65AC-417F-B47F-A17F7EC90EDD}.Release|Any CPU.Build.0 = Release|Any CPU
		{9763DFCA-EE95-4BAD-9A01-350E5A8AE9E5}.Debug|Any CPU.ActiveCfg = Debug|Any CPU
		{9763DFCA-EE95-4BAD-9A01-350E5A8AE9E5}.Debug|Any CPU.Build.0 = Debug|Any CPU
		{9763DFCA-EE95-4BAD-9A01-350E5A8AE9E5}.Release|Any CPU.ActiveCfg = Release|Any CPU
		{9763DFCA-EE95-4BAD-9A01-350E5A8AE9E5}.Release|Any CPU.Build.0 = Release|Any CPU
		{030EF708-EAA5-479F-BED6-9ADF80F8A59D}.Debug|Any CPU.ActiveCfg = Debug|Any CPU
		{030EF708-EAA5-479F-BED6-9ADF80F8A59D}.Debug|Any CPU.Build.0 = Debug|Any CPU
		{030EF708-EAA5-479F-BED6-9ADF80F8A59D}.Release|Any CPU.ActiveCfg = Release|Any CPU
		{030EF708-EAA5-479F-BED6-9ADF80F8A59D}.Release|Any CPU.Build.0 = Release|Any CPU
	EndGlobalSection
	GlobalSection(SolutionProperties) = preSolution
		HideSolutionNode = FALSE
	EndGlobalSection
	GlobalSection(ExtensibilityGlobals) = postSolution
		SolutionGuid = {BC2E1E49-E7DA-4BF3-B1DF-C3D58416FC4F}
	EndGlobalSection
EndGlobal
